
Microsoft Visual Studio Solution File, Format Version 12.00
# Visual Studio Version 17
VisualStudioVersion = 17.14.36203.30 d17.14
MinimumVisualStudioVersion = 10.0.40219.1
Project("{FAE04EC0-301F-11D3-BF4B-00C04F79EFBC}") = "6.1-Arreglos", "6.1-Arreglos.csproj", "{AC0C3645-44BF-46A3-AF87-015A134B9B6A}"
EndProject
Global
	GlobalSection(SolutionConfigurationPlatforms) = preSolution
		Debug|Any CPU = Debug|Any CPU
		Release|Any CPU = Release|Any CPU
	EndGlobalSection
	GlobalSection(ProjectConfigurationPlatforms) = postSolution
		{AC0C3645-44BF-46A3-AF87-015A134B9B6A}.Debug|Any CPU.ActiveCfg = Debug|Any CPU
		{AC0C3645-44BF-46A3-AF87-015A134B9B6A}.Debug|Any CPU.Build.0 = Debug|Any CPU
		{AC0C3645-44BF-46A3-AF87-015A134B9B6A}.Release|Any CPU.ActiveCfg = Release|Any CPU
		{AC0C3645-44BF-46A3-AF87-015A134B9B6A}.Release|Any CPU.Build.0 = Release|Any CPU
	EndGlobalSection
	GlobalSection(SolutionProperties) = preSolution
		HideSolutionNode = FALSE
	EndGlobalSection
	GlobalSection(ExtensibilityGlobals) = postSolution
		SolutionGuid = {F23FA5F6-6EBA-4E0A-90E3-BF4C4DC390F8}
	EndGlobalSection
EndGlobal
