
Microsoft Visual Studio Solution File, Format Version 12.00
# Visual Studio Version 17
VisualStudioVersion = 17.14.36203.30 d17.14
MinimumVisualStudioVersion = 10.0.40219.1
Project("{FAE04EC0-301F-11D3-BF4B-00C04F79EFBC}") = "3.2-Operadores Aritmeticos - Ejemplos", "3.2-Operadores Aritmeticos - Ejemplos.csproj", "{50DD396F-A6BC-4616-BE6A-C94330CC307F}"
EndProject
Global
	GlobalSection(SolutionConfigurationPlatforms) = preSolution
		Debug|Any CPU = Debug|Any CPU
		Release|Any CPU = Release|Any CPU
	EndGlobalSection
	GlobalSection(ProjectConfigurationPlatforms) = postSolution
		{50DD396F-A6BC-4616-BE6A-C94330CC307F}.Debug|Any CPU.ActiveCfg = Debug|Any CPU
		{50DD396F-A6BC-4616-BE6A-C94330CC307F}.Debug|Any CPU.Build.0 = Debug|Any CPU
		{50DD396F-A6BC-4616-BE6A-C94330CC307F}.Release|Any CPU.ActiveCfg = Release|Any CPU
		{50DD396F-A6BC-4616-BE6A-C94330CC307F}.Release|Any CPU.Build.0 = Release|Any CPU
	EndGlobalSection
	GlobalSection(SolutionProperties) = preSolution
		HideSolutionNode = FALSE
	EndGlobalSection
	GlobalSection(ExtensibilityGlobals) = postSolution
		SolutionGuid = {3CCFB168-5485-45D0-B49C-D4F45A768D6F}
	EndGlobalSection
EndGlobal
